// !$*UTF8*$!
{
	archiveVersion = 1;
	classes = {
	};
	objectVersion = 46;
	objects = {
/* Begin PBXBuildFile section */
		1D3623260D0F684500981E51 /* AppDelegate.m in Sources */ = {isa = PBXBuildFile; fileRef = 1D3623250D0F684500981E51 /* AppDelegate.m */; };
		1D60589B0D05DD56006BFB54 /* main.m in Sources */ = {isa = PBXBuildFile; fileRef = 29B97316FDCFA39411CA2CEA /* main.m */; };
		288765FD0DF74451002DB57D /* CoreGraphics.framework in Frameworks */ = {isa = PBXBuildFile; fileRef = 288765FC0DF74451002DB57D /* CoreGraphics.framework */; };
		301BF552109A68D80062928A /* libCordova.a in Frameworks */ = {isa = PBXBuildFile; fileRef = 301BF535109A57CC0062928A /* libCordova.a */; };
		302D95F114D2391D003F00A1 /* MainViewController.m in Sources */ = {isa = PBXBuildFile; fileRef = 302D95EF14D2391D003F00A1 /* MainViewController.m */; };
		302D95F214D2391D003F00A1 /* MainViewController.xib in Resources */ = {isa = PBXBuildFile; fileRef = 302D95F014D2391D003F00A1 /* MainViewController.xib */; };
		305D5FD1115AB8F900A74A75 /* MobileCoreServices.framework in Frameworks */ = {isa = PBXBuildFile; fileRef = 305D5FD0115AB8F900A74A75 /* MobileCoreServices.framework */; };
		3088BBBD154F3926009F9C59 /* Default-Landscape@2x~ipad.png in Resources */ = {isa = PBXBuildFile; fileRef = 3088BBB7154F3926009F9C59 /* Default-Landscape@2x~ipad.png */; };
		3088BBBE154F3926009F9C59 /* Default-Landscape~ipad.png in Resources */ = {isa = PBXBuildFile; fileRef = 3088BBB8154F3926009F9C59 /* Default-Landscape~ipad.png */; };
		3088BBBF154F3926009F9C59 /* Default-Portrait@2x~ipad.png in Resources */ = {isa = PBXBuildFile; fileRef = 3088BBB9154F3926009F9C59 /* Default-Portrait@2x~ipad.png */; };
		3088BBC0154F3926009F9C59 /* Default-Portrait~ipad.png in Resources */ = {isa = PBXBuildFile; fileRef = 3088BBBA154F3926009F9C59 /* Default-Portrait~ipad.png */; };
		3088BBC1154F3926009F9C59 /* Default@2x~iphone.png in Resources */ = {isa = PBXBuildFile; fileRef = 3088BBBB154F3926009F9C59 /* Default@2x~iphone.png */; };
		3088BBC2154F3926009F9C59 /* Default~iphone.png in Resources */ = {isa = PBXBuildFile; fileRef = 3088BBBC154F3926009F9C59 /* Default~iphone.png */; };
		308D05371370CCF300D202BF /* icon-72.png in Resources */ = {isa = PBXBuildFile; fileRef = 308D052E1370CCF300D202BF /* icon-72.png */; };
		308D05381370CCF300D202BF /* icon.png in Resources */ = {isa = PBXBuildFile; fileRef = 308D052F1370CCF300D202BF /* icon.png */; };
		308D05391370CCF300D202BF /* icon@2x.png in Resources */ = {isa = PBXBuildFile; fileRef = 308D05301370CCF300D202BF /* icon@2x.png */; };
		30B4F30019D5E07200D9F7D8 /* Default-667h.png in Resources */ = {isa = PBXBuildFile; fileRef = 30B4F2FD19D5E07200D9F7D8 /* Default-667h.png */; };
		30B4F30119D5E07200D9F7D8 /* Default-736h.png in Resources */ = {isa = PBXBuildFile; fileRef = 30B4F2FE19D5E07200D9F7D8 /* Default-736h.png */; };
		30B4F30219D5E07200D9F7D8 /* Default-Landscape-736h.png in Resources */ = {isa = PBXBuildFile; fileRef = 30B4F2FF19D5E07200D9F7D8 /* Default-Landscape-736h.png */; };
		30C1856619D5FC0A00212699 /* icon-60@3x.png in Resources */ = {isa = PBXBuildFile; fileRef = 30C1856519D5FC0A00212699 /* icon-60@3x.png */; };
		30FC414916E50CA1004E6F35 /* icon-72@2x.png in Resources */ = {isa = PBXBuildFile; fileRef = 30FC414816E50CA1004E6F35 /* icon-72@2x.png */; };
		5B1594DD16A7569C00FEF299 /* AssetsLibrary.framework in Frameworks */ = {isa = PBXBuildFile; fileRef = 5B1594DC16A7569C00FEF299 /* AssetsLibrary.framework */; };
		7E7966DE1810823500FA85AD /* icon-40.png in Resources */ = {isa = PBXBuildFile; fileRef = 7E7966D41810823500FA85AD /* icon-40.png */; };
		7E7966DF1810823500FA85AD /* icon-40@2x.png in Resources */ = {isa = PBXBuildFile; fileRef = 7E7966D51810823500FA85AD /* icon-40@2x.png */; };
		7E7966E01810823500FA85AD /* icon-50.png in Resources */ = {isa = PBXBuildFile; fileRef = 7E7966D61810823500FA85AD /* icon-50.png */; };
		7E7966E11810823500FA85AD /* icon-50@2x.png in Resources */ = {isa = PBXBuildFile; fileRef = 7E7966D71810823500FA85AD /* icon-50@2x.png */; };
		7E7966E21810823500FA85AD /* icon-60.png in Resources */ = {isa = PBXBuildFile; fileRef = 7E7966D81810823500FA85AD /* icon-60.png */; };
		7E7966E31810823500FA85AD /* icon-60@2x.png in Resources */ = {isa = PBXBuildFile; fileRef = 7E7966D91810823500FA85AD /* icon-60@2x.png */; };
		7E7966E41810823500FA85AD /* icon-76.png in Resources */ = {isa = PBXBuildFile; fileRef = 7E7966DA1810823500FA85AD /* icon-76.png */; };
		7E7966E51810823500FA85AD /* icon-76@2x.png in Resources */ = {isa = PBXBuildFile; fileRef = 7E7966DB1810823500FA85AD /* icon-76@2x.png */; };
		7E7966E61810823500FA85AD /* icon-small.png in Resources */ = {isa = PBXBuildFile; fileRef = 7E7966DC1810823500FA85AD /* icon-small.png */; };
		7E7966E71810823500FA85AD /* icon-small@2x.png in Resources */ = {isa = PBXBuildFile; fileRef = 7E7966DD1810823500FA85AD /* icon-small@2x.png */; };
		D4A0D8761607E02300AEF8BB /* Default-568h@2x~iphone.png in Resources */ = {isa = PBXBuildFile; fileRef = D4A0D8751607E02300AEF8BB /* Default-568h@2x~iphone.png */; };
		1C713E7E57CF45938E415E9C /* CDVVibration.m in Sources */ = {isa = PBXBuildFile; fileRef = 2ED3158A5519473BAFCFD4C0 /* CDVVibration.m */; };
		37ED1B8B2408484397EFBAEB /* AudioToolbox.framework in Frameworks */ = {isa = PBXBuildFile; fileRef = BBAD49C078EC46859730A69C /* AudioToolbox.framework */; settings = {ATTRIBUTES = (Weak, ); }; };
		0EC100E86B1D4A59946B3820 /* CDVSplashScreen.m in Sources */ = {isa = PBXBuildFile; fileRef = 5613A4002C764D048C3893ED /* CDVSplashScreen.m */; };
		146D3C2E59794F58ACFEDFAF /* CDVConnection.m in Sources */ = {isa = PBXBuildFile; fileRef = E48F42A8784542B88A53D155 /* CDVConnection.m */; };
		316B0DC340234CEB9109762B /* CDVReachability.m in Sources */ = {isa = PBXBuildFile; fileRef = 2DB94655DED84EB9BD4600E4 /* CDVReachability.m */; };
		F2CB04DC0A8841F4A1C9ECFA /* SystemConfiguration.framework in Frameworks */ = {isa = PBXBuildFile; fileRef = 2A48A7382ED04690948118F7 /* SystemConfiguration.framework */; settings = {ATTRIBUTES = (Weak, ); }; };
		23895501B9144EAC9D5CA012 /* CDVFile.m in Sources */ = {isa = PBXBuildFile; fileRef = 96B21ACDCD8E45498501208E /* CDVFile.m */; };
		107FF78B746C48C8A649511C /* CDVLocalFilesystem.m in Sources */ = {isa = PBXBuildFile; fileRef = 20AB5E00A1F1483F801A3E36 /* CDVLocalFilesystem.m */; };
		0AA6520CCAA344B0BF8ACB40 /* CDVAssetLibraryFilesystem.m in Sources */ = {isa = PBXBuildFile; fileRef = 7EDC35A6165544F39725882B /* CDVAssetLibraryFilesystem.m */; };
		399352C4A5F84FD1B946221B /* CDVCapture.m in Sources */ = {isa = PBXBuildFile; fileRef = 04C8EE5528AB44A68BC1936D /* CDVCapture.m */; };
		58714ED4A16F479989B91190 /* CDVCapture.bundle in Resources */ = {isa = PBXBuildFile; fileRef = 8732D7176296437A800DBFDB /* CDVCapture.bundle */; };
		BAB35C6DA4A948649B182A01 /* CDVNotification.m in Sources */ = {isa = PBXBuildFile; fileRef = EAA8924873114C93B882F63E /* CDVNotification.m */; };
		1282ABBE5AEA414687688A47 /* CDVNotification.bundle in Resources */ = {isa = PBXBuildFile; fileRef = 27B53D5138D04403A6779B76 /* CDVNotification.bundle */; };
		0BF0F224E99A4C588B6B2D4A /* CDVDevice.m in Sources */ = {isa = PBXBuildFile; fileRef = 3BD5D270DC0144C2B8B031D8 /* CDVDevice.m */; };
		1377D99D5FE74EB3B2B297EA /* CDVCamera.m in Sources */ = {isa = PBXBuildFile; fileRef = 131FDBFF606C4FAF9F756A34 /* CDVCamera.m */; };
		A2F9ACE46DD24CE6A771AF3C /* CDVJpegHeaderWriter.m in Sources */ = {isa = PBXBuildFile; fileRef = 6AFAE751AFDB43EB8A45679B /* CDVJpegHeaderWriter.m */; };
		03F1421F32E04C2AA2FD7198 /* ImageIO.framework in Frameworks */ = {isa = PBXBuildFile; fileRef = AFA88A3834C24F13A42B041C /* ImageIO.framework */; settings = {ATTRIBUTES = (Weak, ); }; };
		C3DCD551712642C087BB71F7 /* CoreLocation.framework in Frameworks */ = {isa = PBXBuildFile; fileRef = 0AE33B88CF6A49C0BADE7853 /* CoreLocation.framework */; };
		BEA406D307824CB8BE80EE8C /* CDVBarcodeScanner.mm in Resources */ = {isa = PBXBuildFile; fileRef = 9BEC30FE72F04062A0914A50 /* CDVBarcodeScanner.mm */; settings = {COMPILER_FLAGS = -fno-objc-arc; }; };
		3915FAC7CBDA445F88E63F70 /* zxing-all-in-one.cpp in Resources */ = {isa = PBXBuildFile; fileRef = 2293D13D7B7B45DC821FE301 /* zxing-all-in-one.cpp */; };
		AE50E976996D4AE29D41AB8D /* scannerOverlay.xib in Resources */ = {isa = PBXBuildFile; fileRef = D05E7371D2C94D69B4680407 /* scannerOverlay.xib */; };
		5832CC012C2E45BBB6D542F5 /* libiconv.dylib in Frameworks */ = {isa = PBXBuildFile; fileRef = 1998F2D6719C47EC89400BE9 /* libiconv.dylib */; };
		8C7926F5859A493CA71EB22E /* AVFoundation.framework in Frameworks */ = {isa = PBXBuildFile; fileRef = 816DBC89414D4C3BAFDF6C24 /* AVFoundation.framework */; };
		78EDC681DC8045D98480B48C /* CoreVideo.framework in Frameworks */ = {isa = PBXBuildFile; fileRef = 8FBEB3AF471F481B8A1DD743 /* CoreVideo.framework */; };
		3C456B4E057843F7B83BCAB3 /* QuartzCore.framework in Frameworks */ = {isa = PBXBuildFile; fileRef = 4E519C922B5F4497A90DC5BE /* QuartzCore.framework */; };
		A1B61A1C8CA6485C9B4F6890 /* CDVInAppBrowser.m in Sources */ = {isa = PBXBuildFile; fileRef = 62D0FFED0EB745A1900D5D68 /* CDVInAppBrowser.m */; };
/* End PBXBuildFile section */

/* Begin PBXContainerItemProxy section */
		301BF534109A57CC0062928A /* PBXContainerItemProxy */ = {
			isa = PBXContainerItemProxy;
			containerPortal = 301BF52D109A57CC0062928A /* CordovaLib.xcodeproj */;
			proxyType = 2;
			remoteGlobalIDString = D2AAC07E0554694100DB518D;
			remoteInfo = CordovaLib;
		};
		301BF550109A68C00062928A /* PBXContainerItemProxy */ = {
			isa = PBXContainerItemProxy;
			containerPortal = 301BF52D109A57CC0062928A /* CordovaLib.xcodeproj */;
			proxyType = 1;
			remoteGlobalIDString = D2AAC07D0554694100DB518D;
			remoteInfo = CordovaLib;
		};
/* End PBXContainerItemProxy section */

/* Begin PBXFileReference section */
		1D3623240D0F684500981E51 /* AppDelegate.h */ = {isa = PBXFileReference; fileEncoding = 4; lastKnownFileType = sourcecode.c.h; path = AppDelegate.h; sourceTree = "<group>"; };
		1D3623250D0F684500981E51 /* AppDelegate.m */ = {isa = PBXFileReference; fileEncoding = 4; lastKnownFileType = sourcecode.c.objc; path = AppDelegate.m; sourceTree = "<group>"; };
		1D6058910D05DD3D006BFB54 /* Rate It.app */ = {isa = PBXFileReference; explicitFileType = wrapper.application; includeInIndex = 0; path = "Rate It.app"; sourceTree = BUILT_PRODUCTS_DIR; };
		1F766FDD13BBADB100FB74C0 /* en */ = {isa = PBXFileReference; lastKnownFileType = text.plist.strings; name = en; path = Localizable.strings; sourceTree = "<group>"; };
		1F766FE013BBADB100FB74C0 /* es */ = {isa = PBXFileReference; lastKnownFileType = text.plist.strings; name = es; path = Localizable.strings; sourceTree = "<group>"; };
		288765FC0DF74451002DB57D /* CoreGraphics.framework */ = {isa = PBXFileReference; lastKnownFileType = wrapper.framework; name = CoreGraphics.framework; path = System/Library/Frameworks/CoreGraphics.framework; sourceTree = SDKROOT; };
		29B97316FDCFA39411CA2CEA /* main.m */ = {isa = PBXFileReference; fileEncoding = 4; lastKnownFileType = sourcecode.c.objc; path = main.m; sourceTree = "<group>"; };
		301BF52D109A57CC0062928A /* CordovaLib.xcodeproj */ = {isa = PBXFileReference; lastKnownFileType = "wrapper.pb-project"; name = CordovaLib.xcodeproj; path = "CordovaLib/CordovaLib.xcodeproj"; sourceTree = "<group>"; };
		301BF56E109A69640062928A /* www */ = {isa = PBXFileReference; lastKnownFileType = folder; path = www; sourceTree = SOURCE_ROOT; };
		302D95EE14D2391D003F00A1 /* MainViewController.h */ = {isa = PBXFileReference; fileEncoding = 4; lastKnownFileType = sourcecode.c.h; path = MainViewController.h; sourceTree = "<group>"; };
		302D95EF14D2391D003F00A1 /* MainViewController.m */ = {isa = PBXFileReference; fileEncoding = 4; lastKnownFileType = sourcecode.c.objc; path = MainViewController.m; sourceTree = "<group>"; };
		302D95F014D2391D003F00A1 /* MainViewController.xib */ = {isa = PBXFileReference; fileEncoding = 4; lastKnownFileType = file.xib; path = MainViewController.xib; sourceTree = "<group>"; };
		305D5FD0115AB8F900A74A75 /* MobileCoreServices.framework */ = {isa = PBXFileReference; lastKnownFileType = wrapper.framework; name = MobileCoreServices.framework; path = System/Library/Frameworks/MobileCoreServices.framework; sourceTree = SDKROOT; };
		3088BBB7154F3926009F9C59 /* Default-Landscape@2x~ipad.png */ = {isa = PBXFileReference; lastKnownFileType = image.png; path = "Default-Landscape@2x~ipad.png"; sourceTree = "<group>"; };
		3088BBB8154F3926009F9C59 /* Default-Landscape~ipad.png */ = {isa = PBXFileReference; lastKnownFileType = image.png; path = "Default-Landscape~ipad.png"; sourceTree = "<group>"; };
		3088BBB9154F3926009F9C59 /* Default-Portrait@2x~ipad.png */ = {isa = PBXFileReference; lastKnownFileType = image.png; path = "Default-Portrait@2x~ipad.png"; sourceTree = "<group>"; };
		3088BBBA154F3926009F9C59 /* Default-Portrait~ipad.png */ = {isa = PBXFileReference; lastKnownFileType = image.png; path = "Default-Portrait~ipad.png"; sourceTree = "<group>"; };
		3088BBBB154F3926009F9C59 /* Default@2x~iphone.png */ = {isa = PBXFileReference; lastKnownFileType = image.png; path = "Default@2x~iphone.png"; sourceTree = "<group>"; };
		3088BBBC154F3926009F9C59 /* Default~iphone.png */ = {isa = PBXFileReference; lastKnownFileType = image.png; path = "Default~iphone.png"; sourceTree = "<group>"; };
		308D052E1370CCF300D202BF /* icon-72.png */ = {isa = PBXFileReference; lastKnownFileType = image.png; path = "icon-72.png"; sourceTree = "<group>"; };
		308D052F1370CCF300D202BF /* icon.png */ = {isa = PBXFileReference; lastKnownFileType = image.png; path = icon.png; sourceTree = "<group>"; };
		308D05301370CCF300D202BF /* icon@2x.png */ = {isa = PBXFileReference; lastKnownFileType = image.png; path = "icon@2x.png"; sourceTree = "<group>"; };
		30B4F2FD19D5E07200D9F7D8 /* Default-667h.png */ = {isa = PBXFileReference; lastKnownFileType = image.png; path = "Default-667h.png"; sourceTree = "<group>"; };
		30B4F2FE19D5E07200D9F7D8 /* Default-736h.png */ = {isa = PBXFileReference; lastKnownFileType = image.png; path = "Default-736h.png"; sourceTree = "<group>"; };
		30B4F2FF19D5E07200D9F7D8 /* Default-Landscape-736h.png */ = {isa = PBXFileReference; lastKnownFileType = image.png; path = "Default-Landscape-736h.png"; sourceTree = "<group>"; };
		30C1856519D5FC0A00212699 /* icon-60@3x.png */ = {isa = PBXFileReference; lastKnownFileType = image.png; path = "icon-60@3x.png"; sourceTree = "<group>"; };
		30FC414816E50CA1004E6F35 /* icon-72@2x.png */ = {isa = PBXFileReference; lastKnownFileType = image.png; path = "icon-72@2x.png"; sourceTree = "<group>"; };
		32CA4F630368D1EE00C91783 /* Rate It-Prefix.pch */ = {isa = PBXFileReference; fileEncoding = 4; lastKnownFileType = sourcecode.c.h; path = "Rate It-Prefix.pch"; sourceTree = "<group>"; };
		5B1594DC16A7569C00FEF299 /* AssetsLibrary.framework */ = {isa = PBXFileReference; lastKnownFileType = wrapper.framework; name = AssetsLibrary.framework; path = System/Library/Frameworks/AssetsLibrary.framework; sourceTree = SDKROOT; };
		7E7966D41810823500FA85AD /* icon-40.png */ = {isa = PBXFileReference; lastKnownFileType = image.png; path = "icon-40.png"; sourceTree = "<group>"; };
		7E7966D51810823500FA85AD /* icon-40@2x.png */ = {isa = PBXFileReference; lastKnownFileType = image.png; path = "icon-40@2x.png"; sourceTree = "<group>"; };
		7E7966D61810823500FA85AD /* icon-50.png */ = {isa = PBXFileReference; lastKnownFileType = image.png; path = "icon-50.png"; sourceTree = "<group>"; };
		7E7966D71810823500FA85AD /* icon-50@2x.png */ = {isa = PBXFileReference; lastKnownFileType = image.png; path = "icon-50@2x.png"; sourceTree = "<group>"; };
		7E7966D81810823500FA85AD /* icon-60.png */ = {isa = PBXFileReference; lastKnownFileType = image.png; path = "icon-60.png"; sourceTree = "<group>"; };
		7E7966D91810823500FA85AD /* icon-60@2x.png */ = {isa = PBXFileReference; lastKnownFileType = image.png; path = "icon-60@2x.png"; sourceTree = "<group>"; };
		7E7966DA1810823500FA85AD /* icon-76.png */ = {isa = PBXFileReference; lastKnownFileType = image.png; path = "icon-76.png"; sourceTree = "<group>"; };
		7E7966DB1810823500FA85AD /* icon-76@2x.png */ = {isa = PBXFileReference; lastKnownFileType = image.png; path = "icon-76@2x.png"; sourceTree = "<group>"; };
		7E7966DC1810823500FA85AD /* icon-small.png */ = {isa = PBXFileReference; lastKnownFileType = image.png; path = "icon-small.png"; sourceTree = "<group>"; };
		7E7966DD1810823500FA85AD /* icon-small@2x.png */ = {isa = PBXFileReference; lastKnownFileType = image.png; path = "icon-small@2x.png"; sourceTree = "<group>"; };
		8D1107310486CEB800E47090 /* Rate It-Info.plist */ = {isa = PBXFileReference; fileEncoding = 4; lastKnownFileType = text.plist.xml; name = "Rate It-Info.plist"; path = "../Rate It-Info.plist"; plistStructureDefinitionIdentifier = "com.apple.xcode.plist.structure-definition.iphone.info-plist"; sourceTree = "<group>"; };
		D4A0D8751607E02300AEF8BB /* Default-568h@2x~iphone.png */ = {isa = PBXFileReference; lastKnownFileType = image.png; path = "Default-568h@2x~iphone.png"; sourceTree = "<group>"; };
		EB87FDF21871DA7A0020F90C /* merges */ = {isa = PBXFileReference; lastKnownFileType = folder; name = merges; path = ../../merges; sourceTree = "<group>"; };
		EB87FDF31871DA8E0020F90C /* www */ = {isa = PBXFileReference; lastKnownFileType = folder; name = www; path = ../../www; sourceTree = "<group>"; };
		EB87FDF41871DAF40020F90C /* config.xml */ = {isa = PBXFileReference; lastKnownFileType = text.xml; name = config.xml; path = ../../config.xml; sourceTree = "<group>"; };
		F840E1F0165FE0F500CFE078 /* config.xml */ = {isa = PBXFileReference; lastKnownFileType = text.xml; name = config.xml; path = "Rate It/config.xml"; sourceTree = "<group>"; };
		2ED3158A5519473BAFCFD4C0 /* CDVVibration.m */ = {isa = PBXFileReference; lastKnownFileType = sourcecode.c.objc; name = "CDVVibration.m"; path = "org.apache.cordova.vibration/CDVVibration.m"; sourceTree = "<group>"; fileEncoding = 4; };
		CFFFBCF4D5984564B71DCEA5 /* CDVVibration.h */ = {isa = PBXFileReference; lastKnownFileType = sourcecode.c.h; name = "CDVVibration.h"; path = "org.apache.cordova.vibration/CDVVibration.h"; sourceTree = "<group>"; fileEncoding = 4; };
		BBAD49C078EC46859730A69C /* AudioToolbox.framework */ = {isa = PBXFileReference; lastKnownFileType = wrapper.framework; name = "AudioToolbox.framework"; path = "System/Library/Frameworks/AudioToolbox.framework"; sourceTree = SDKROOT; fileEncoding = 4; };
		5613A4002C764D048C3893ED /* CDVSplashScreen.m */ = {isa = PBXFileReference; lastKnownFileType = sourcecode.c.objc; name = "CDVSplashScreen.m"; path = "org.apache.cordova.splashscreen/CDVSplashScreen.m"; sourceTree = "<group>"; fileEncoding = 4; };
		C8AF80A74B7C44B193464F59 /* CDVSplashScreen.h */ = {isa = PBXFileReference; lastKnownFileType = sourcecode.c.h; name = "CDVSplashScreen.h"; path = "org.apache.cordova.splashscreen/CDVSplashScreen.h"; sourceTree = "<group>"; fileEncoding = 4; };
		E48F42A8784542B88A53D155 /* CDVConnection.m */ = {isa = PBXFileReference; lastKnownFileType = sourcecode.c.objc; name = "CDVConnection.m"; path = "org.apache.cordova.network-information/CDVConnection.m"; sourceTree = "<group>"; fileEncoding = 4; };
		2DB94655DED84EB9BD4600E4 /* CDVReachability.m */ = {isa = PBXFileReference; lastKnownFileType = sourcecode.c.objc; name = "CDVReachability.m"; path = "org.apache.cordova.network-information/CDVReachability.m"; sourceTree = "<group>"; fileEncoding = 4; };
		218A424246A14045BCF34343 /* CDVConnection.h */ = {isa = PBXFileReference; lastKnownFileType = sourcecode.c.h; name = "CDVConnection.h"; path = "org.apache.cordova.network-information/CDVConnection.h"; sourceTree = "<group>"; fileEncoding = 4; };
		C0BC653F8EA84933A7073017 /* CDVReachability.h */ = {isa = PBXFileReference; lastKnownFileType = sourcecode.c.h; name = "CDVReachability.h"; path = "org.apache.cordova.network-information/CDVReachability.h"; sourceTree = "<group>"; fileEncoding = 4; };
		2A48A7382ED04690948118F7 /* SystemConfiguration.framework */ = {isa = PBXFileReference; lastKnownFileType = wrapper.framework; name = "SystemConfiguration.framework"; path = "System/Library/Frameworks/SystemConfiguration.framework"; sourceTree = SDKROOT; fileEncoding = 4; };
		96B21ACDCD8E45498501208E /* CDVFile.m */ = {isa = PBXFileReference; lastKnownFileType = sourcecode.c.objc; name = "CDVFile.m"; path = "org.apache.cordova.file/CDVFile.m"; sourceTree = "<group>"; fileEncoding = 4; };
		20AB5E00A1F1483F801A3E36 /* CDVLocalFilesystem.m */ = {isa = PBXFileReference; lastKnownFileType = sourcecode.c.objc; name = "CDVLocalFilesystem.m"; path = "org.apache.cordova.file/CDVLocalFilesystem.m"; sourceTree = "<group>"; fileEncoding = 4; };
		7EDC35A6165544F39725882B /* CDVAssetLibraryFilesystem.m */ = {isa = PBXFileReference; lastKnownFileType = sourcecode.c.objc; name = "CDVAssetLibraryFilesystem.m"; path = "org.apache.cordova.file/CDVAssetLibraryFilesystem.m"; sourceTree = "<group>"; fileEncoding = 4; };
		8FCBBEB44FE6493997AF6CD4 /* CDVFile.h */ = {isa = PBXFileReference; lastKnownFileType = sourcecode.c.h; name = "CDVFile.h"; path = "org.apache.cordova.file/CDVFile.h"; sourceTree = "<group>"; fileEncoding = 4; };
		F9FF65A330E64814BF2581E3 /* CDVLocalFilesystem.h */ = {isa = PBXFileReference; lastKnownFileType = sourcecode.c.h; name = "CDVLocalFilesystem.h"; path = "org.apache.cordova.file/CDVLocalFilesystem.h"; sourceTree = "<group>"; fileEncoding = 4; };
		98B83322133B4BB5807D83F9 /* CDVAssetLibraryFilesystem.h */ = {isa = PBXFileReference; lastKnownFileType = sourcecode.c.h; name = "CDVAssetLibraryFilesystem.h"; path = "org.apache.cordova.file/CDVAssetLibraryFilesystem.h"; sourceTree = "<group>"; fileEncoding = 4; };
		04C8EE5528AB44A68BC1936D /* CDVCapture.m */ = {isa = PBXFileReference; lastKnownFileType = sourcecode.c.objc; name = "CDVCapture.m"; path = "org.apache.cordova.media-capture/CDVCapture.m"; sourceTree = "<group>"; fileEncoding = 4; };
		CB32D50927FD412CAE783369 /* CDVCapture.h */ = {isa = PBXFileReference; lastKnownFileType = sourcecode.c.h; name = "CDVCapture.h"; path = "org.apache.cordova.media-capture/CDVCapture.h"; sourceTree = "<group>"; fileEncoding = 4; };
		8732D7176296437A800DBFDB /* CDVCapture.bundle */ = {isa = PBXFileReference; lastKnownFileType = "wrapper.plug-in"; name = "CDVCapture.bundle"; path = "CDVCapture.bundle"; sourceTree = "<group>"; };
		EAA8924873114C93B882F63E /* CDVNotification.m */ = {isa = PBXFileReference; lastKnownFileType = sourcecode.c.objc; name = "CDVNotification.m"; path = "org.apache.cordova.dialogs/CDVNotification.m"; sourceTree = "<group>"; fileEncoding = 4; };
		A6AF6C057B7745C4B668C636 /* CDVNotification.h */ = {isa = PBXFileReference; lastKnownFileType = sourcecode.c.h; name = "CDVNotification.h"; path = "org.apache.cordova.dialogs/CDVNotification.h"; sourceTree = "<group>"; fileEncoding = 4; };
		27B53D5138D04403A6779B76 /* CDVNotification.bundle */ = {isa = PBXFileReference; lastKnownFileType = "wrapper.plug-in"; name = "CDVNotification.bundle"; path = "CDVNotification.bundle"; sourceTree = "<group>"; };
		3BD5D270DC0144C2B8B031D8 /* CDVDevice.m */ = {isa = PBXFileReference; lastKnownFileType = sourcecode.c.objc; name = "CDVDevice.m"; path = "org.apache.cordova.device/CDVDevice.m"; sourceTree = "<group>"; fileEncoding = 4; };
		88775633B6574F2BB9D0A8B6 /* CDVDevice.h */ = {isa = PBXFileReference; lastKnownFileType = sourcecode.c.h; name = "CDVDevice.h"; path = "org.apache.cordova.device/CDVDevice.h"; sourceTree = "<group>"; fileEncoding = 4; };
		131FDBFF606C4FAF9F756A34 /* CDVCamera.m */ = {isa = PBXFileReference; lastKnownFileType = sourcecode.c.objc; name = "CDVCamera.m"; path = "org.apache.cordova.camera/CDVCamera.m"; sourceTree = "<group>"; fileEncoding = 4; };
		6AFAE751AFDB43EB8A45679B /* CDVJpegHeaderWriter.m */ = {isa = PBXFileReference; lastKnownFileType = sourcecode.c.objc; name = "CDVJpegHeaderWriter.m"; path = "org.apache.cordova.camera/CDVJpegHeaderWriter.m"; sourceTree = "<group>"; fileEncoding = 4; };
		24DB1A3141D5433BAB581D5D /* CDVCamera.h */ = {isa = PBXFileReference; lastKnownFileType = sourcecode.c.h; name = "CDVCamera.h"; path = "org.apache.cordova.camera/CDVCamera.h"; sourceTree = "<group>"; fileEncoding = 4; };
		1C55F555CE714EEF8E70E6C7 /* CDVJpegHeaderWriter.h */ = {isa = PBXFileReference; lastKnownFileType = sourcecode.c.h; name = "CDVJpegHeaderWriter.h"; path = "org.apache.cordova.camera/CDVJpegHeaderWriter.h"; sourceTree = "<group>"; fileEncoding = 4; };
		9AB0EE4083934547A531AD9F /* CDVExif.h */ = {isa = PBXFileReference; lastKnownFileType = sourcecode.c.h; name = "CDVExif.h"; path = "org.apache.cordova.camera/CDVExif.h"; sourceTree = "<group>"; fileEncoding = 4; };
		AFA88A3834C24F13A42B041C /* ImageIO.framework */ = {isa = PBXFileReference; lastKnownFileType = wrapper.framework; name = "ImageIO.framework"; path = "System/Library/Frameworks/ImageIO.framework"; sourceTree = SDKROOT; fileEncoding = 4; };
		0AE33B88CF6A49C0BADE7853 /* CoreLocation.framework */ = {isa = PBXFileReference; lastKnownFileType = wrapper.framework; name = "CoreLocation.framework"; path = "System/Library/Frameworks/CoreLocation.framework"; sourceTree = SDKROOT; fileEncoding = 4; };
		9BEC30FE72F04062A0914A50 /* CDVBarcodeScanner.mm */ = {isa = PBXFileReference; lastKnownFileType = unknown; name = "CDVBarcodeScanner.mm"; path = "com.phonegap.plugins.barcodescanner/CDVBarcodeScanner.mm"; sourceTree = "<group>"; fileEncoding = 4; };
		2293D13D7B7B45DC821FE301 /* zxing-all-in-one.cpp */ = {isa = PBXFileReference; lastKnownFileType = unknown; name = "zxing-all-in-one.cpp"; path = "com.phonegap.plugins.barcodescanner/zxing-all-in-one.cpp"; sourceTree = "<group>"; fileEncoding = 4; };
		CD82F4D3AF3C40F9BCFFE847 /* zxing-all-in-one.h */ = {isa = PBXFileReference; lastKnownFileType = sourcecode.c.h; name = "zxing-all-in-one.h"; path = "com.phonegap.plugins.barcodescanner/zxing-all-in-one.h"; sourceTree = "<group>"; fileEncoding = 4; };
		D05E7371D2C94D69B4680407 /* scannerOverlay.xib */ = {isa = PBXFileReference; lastKnownFileType = file.xib; name = "scannerOverlay.xib"; path = "scannerOverlay.xib"; sourceTree = "<group>"; fileEncoding = 4; };
		1998F2D6719C47EC89400BE9 /* libiconv.dylib */ = {isa = PBXFileReference; lastKnownFileType = "compiled.mach-o.dylib"; name = "libiconv.dylib"; path = "usr/lib/libiconv.dylib"; sourceTree = SDKROOT; fileEncoding = 4; };
		816DBC89414D4C3BAFDF6C24 /* AVFoundation.framework */ = {isa = PBXFileReference; lastKnownFileType = wrapper.framework; name = "AVFoundation.framework"; path = "System/Library/Frameworks/AVFoundation.framework"; sourceTree = SDKROOT; fileEncoding = 4; };
		8FBEB3AF471F481B8A1DD743 /* CoreVideo.framework */ = {isa = PBXFileReference; lastKnownFileType = wrapper.framework; name = "CoreVideo.framework"; path = "System/Library/Frameworks/CoreVideo.framework"; sourceTree = SDKROOT; fileEncoding = 4; };
		4E519C922B5F4497A90DC5BE /* QuartzCore.framework */ = {isa = PBXFileReference; lastKnownFileType = wrapper.framework; name = "QuartzCore.framework"; path = "System/Library/Frameworks/QuartzCore.framework"; sourceTree = SDKROOT; fileEncoding = 4; };
		62D0FFED0EB745A1900D5D68 /* CDVInAppBrowser.m */ = {isa = PBXFileReference; lastKnownFileType = sourcecode.c.objc; name = "CDVInAppBrowser.m"; path = "org.apache.cordova.inappbrowser/CDVInAppBrowser.m"; sourceTree = "<group>"; fileEncoding = 4; };
		86FEDA5EA51D450E97D5DAA6 /* CDVInAppBrowser.h */ = {isa = PBXFileReference; lastKnownFileType = sourcecode.c.h; name = "CDVInAppBrowser.h"; path = "org.apache.cordova.inappbrowser/CDVInAppBrowser.h"; sourceTree = "<group>"; fileEncoding = 4; };
/* End PBXFileReference section */

/* Begin PBXFrameworksBuildPhase section */
		1D60588F0D05DD3D006BFB54 /* Frameworks */ = {
			isa = PBXFrameworksBuildPhase;
			buildActionMask = 2147483647;
			files = (
				5B1594DD16A7569C00FEF299 /* AssetsLibrary.framework in Frameworks */,
				301BF552109A68D80062928A /* libCordova.a in Frameworks */,
				288765FD0DF74451002DB57D /* CoreGraphics.framework in Frameworks */,
				305D5FD1115AB8F900A74A75 /* MobileCoreServices.framework in Frameworks */,
				37ED1B8B2408484397EFBAEB /* AudioToolbox.framework in Frameworks */,
				F2CB04DC0A8841F4A1C9ECFA /* SystemConfiguration.framework in Frameworks */,
				03F1421F32E04C2AA2FD7198 /* ImageIO.framework in Frameworks */,
				C3DCD551712642C087BB71F7 /* CoreLocation.framework in Frameworks */,
				5832CC012C2E45BBB6D542F5 /* libiconv.dylib in Frameworks */,
				8C7926F5859A493CA71EB22E /* AVFoundation.framework in Frameworks */,
				78EDC681DC8045D98480B48C /* CoreVideo.framework in Frameworks */,
				3C456B4E057843F7B83BCAB3 /* QuartzCore.framework in Frameworks */,
			);
			runOnlyForDeploymentPostprocessing = 0;
		};
/* End PBXFrameworksBuildPhase section */

/* Begin PBXGroup section */
		080E96DDFE201D6D7F000001 /* Classes */ = {
			isa = PBXGroup;
			children = (
				302D95EE14D2391D003F00A1 /* MainViewController.h */,
				302D95EF14D2391D003F00A1 /* MainViewController.m */,
				302D95F014D2391D003F00A1 /* MainViewController.xib */,
				1D3623240D0F684500981E51 /* AppDelegate.h */,
				1D3623250D0F684500981E51 /* AppDelegate.m */,
			);
			name = Classes;
			path = "Rate It/Classes";
			sourceTree = SOURCE_ROOT;
		};
		19C28FACFE9D520D11CA2CBB /* Products */ = {
			isa = PBXGroup;
			children = (
				1D6058910D05DD3D006BFB54 /* Rate It.app */,
			);
			name = Products;
			sourceTree = "<group>";
		};
		29B97314FDCFA39411CA2CEA /* CustomTemplate */ = {
			isa = PBXGroup;
			children = (
				EB87FDF41871DAF40020F90C /* config.xml */,
				EB87FDF31871DA8E0020F90C /* www */,
				EB87FDF21871DA7A0020F90C /* merges */,
				EB87FDF11871DA420020F90C /* Staging */,
				301BF52D109A57CC0062928A /* CordovaLib.xcodeproj */,
				080E96DDFE201D6D7F000001 /* Classes */,
				307C750510C5A3420062BCA9 /* Plugins */,
				29B97315FDCFA39411CA2CEA /* Other Sources */,
				29B97317FDCFA39411CA2CEA /* Resources */,
				29B97323FDCFA39411CA2CEA /* Frameworks */,
				19C28FACFE9D520D11CA2CBB /* Products */,
			);
			name = CustomTemplate;
			sourceTree = "<group>";
		};
		29B97315FDCFA39411CA2CEA /* Other Sources */ = {
			isa = PBXGroup;
			children = (
				32CA4F630368D1EE00C91783 /* Rate It-Prefix.pch */,
				29B97316FDCFA39411CA2CEA /* main.m */,
			);
			name = "Other Sources";
			path = "Rate It";
			sourceTree = "<group>";
		};
		29B97317FDCFA39411CA2CEA /* Resources */ = {
			isa = PBXGroup;
			children = (
				308D052D1370CCF300D202BF /* icons */,
				308D05311370CCF300D202BF /* splash */,
				8D1107310486CEB800E47090 /* Rate It-Info.plist */,
				8732D7176296437A800DBFDB /* CDVCapture.bundle */,
				27B53D5138D04403A6779B76 /* CDVNotification.bundle */,
				D05E7371D2C94D69B4680407 /* scannerOverlay.xib */,
			);
			name = Resources;
			path = "Rate It/Resources";
			sourceTree = "<group>";
		};
		29B97323FDCFA39411CA2CEA /* Frameworks */ = {
			isa = PBXGroup;
			children = (
				5B1594DC16A7569C00FEF299 /* AssetsLibrary.framework */,
				288765FC0DF74451002DB57D /* CoreGraphics.framework */,
				305D5FD0115AB8F900A74A75 /* MobileCoreServices.framework */,
				BBAD49C078EC46859730A69C /* AudioToolbox.framework */,
				2A48A7382ED04690948118F7 /* SystemConfiguration.framework */,
				AFA88A3834C24F13A42B041C /* ImageIO.framework */,
				0AE33B88CF6A49C0BADE7853 /* CoreLocation.framework */,
				1998F2D6719C47EC89400BE9 /* libiconv.dylib */,
				816DBC89414D4C3BAFDF6C24 /* AVFoundation.framework */,
				8FBEB3AF471F481B8A1DD743 /* CoreVideo.framework */,
				4E519C922B5F4497A90DC5BE /* QuartzCore.framework */,
			);
			name = Frameworks;
			sourceTree = "<group>";
		};
		301BF52E109A57CC0062928A /* Products */ = {
			isa = PBXGroup;
			children = (
				301BF535109A57CC0062928A /* libCordova.a */,
			);
			name = Products;
			sourceTree = "<group>";
		};
		307C750510C5A3420062BCA9 /* Plugins */ = {
			isa = PBXGroup;
			children = (
				2ED3158A5519473BAFCFD4C0 /* CDVVibration.m */,
				CFFFBCF4D5984564B71DCEA5 /* CDVVibration.h */,
				5613A4002C764D048C3893ED /* CDVSplashScreen.m */,
				C8AF80A74B7C44B193464F59 /* CDVSplashScreen.h */,
				E48F42A8784542B88A53D155 /* CDVConnection.m */,
				2DB94655DED84EB9BD4600E4 /* CDVReachability.m */,
				218A424246A14045BCF34343 /* CDVConnection.h */,
				C0BC653F8EA84933A7073017 /* CDVReachability.h */,
				96B21ACDCD8E45498501208E /* CDVFile.m */,
				20AB5E00A1F1483F801A3E36 /* CDVLocalFilesystem.m */,
				7EDC35A6165544F39725882B /* CDVAssetLibraryFilesystem.m */,
				8FCBBEB44FE6493997AF6CD4 /* CDVFile.h */,
				F9FF65A330E64814BF2581E3 /* CDVLocalFilesystem.h */,
				98B83322133B4BB5807D83F9 /* CDVAssetLibraryFilesystem.h */,
				04C8EE5528AB44A68BC1936D /* CDVCapture.m */,
				CB32D50927FD412CAE783369 /* CDVCapture.h */,
				EAA8924873114C93B882F63E /* CDVNotification.m */,
				A6AF6C057B7745C4B668C636 /* CDVNotification.h */,
				3BD5D270DC0144C2B8B031D8 /* CDVDevice.m */,
				88775633B6574F2BB9D0A8B6 /* CDVDevice.h */,
				131FDBFF606C4FAF9F756A34 /* CDVCamera.m */,
				6AFAE751AFDB43EB8A45679B /* CDVJpegHeaderWriter.m */,
				24DB1A3141D5433BAB581D5D /* CDVCamera.h */,
				1C55F555CE714EEF8E70E6C7 /* CDVJpegHeaderWriter.h */,
				9AB0EE4083934547A531AD9F /* CDVExif.h */,
				9BEC30FE72F04062A0914A50 /* CDVBarcodeScanner.mm */,
				2293D13D7B7B45DC821FE301 /* zxing-all-in-one.cpp */,
				CD82F4D3AF3C40F9BCFFE847 /* zxing-all-in-one.h */,
				62D0FFED0EB745A1900D5D68 /* CDVInAppBrowser.m */,
				86FEDA5EA51D450E97D5DAA6 /* CDVInAppBrowser.h */,
			);
			name = Plugins;
			path = "Rate It/Plugins";
			sourceTree = SOURCE_ROOT;
		};
		308D052D1370CCF300D202BF /* icons */ = {
			isa = PBXGroup;
			children = (
				30C1856519D5FC0A00212699 /* icon-60@3x.png */,
				7E7966D41810823500FA85AD /* icon-40.png */,
				7E7966D51810823500FA85AD /* icon-40@2x.png */,
				7E7966D61810823500FA85AD /* icon-50.png */,
				7E7966D71810823500FA85AD /* icon-50@2x.png */,
				7E7966D81810823500FA85AD /* icon-60.png */,
				7E7966D91810823500FA85AD /* icon-60@2x.png */,
				7E7966DA1810823500FA85AD /* icon-76.png */,
				7E7966DB1810823500FA85AD /* icon-76@2x.png */,
				7E7966DC1810823500FA85AD /* icon-small.png */,
				7E7966DD1810823500FA85AD /* icon-small@2x.png */,
				30FC414816E50CA1004E6F35 /* icon-72@2x.png */,
				308D052E1370CCF300D202BF /* icon-72.png */,
				308D052F1370CCF300D202BF /* icon.png */,
				308D05301370CCF300D202BF /* icon@2x.png */,
			);
			path = icons;
			sourceTree = "<group>";
		};
		308D05311370CCF300D202BF /* splash */ = {
			isa = PBXGroup;
			children = (
				30B4F2FD19D5E07200D9F7D8 /* Default-667h.png */,
				30B4F2FE19D5E07200D9F7D8 /* Default-736h.png */,
				30B4F2FF19D5E07200D9F7D8 /* Default-Landscape-736h.png */,
				D4A0D8751607E02300AEF8BB /* Default-568h@2x~iphone.png */,
				3088BBB7154F3926009F9C59 /* Default-Landscape@2x~ipad.png */,
				3088BBB8154F3926009F9C59 /* Default-Landscape~ipad.png */,
				3088BBB9154F3926009F9C59 /* Default-Portrait@2x~ipad.png */,
				3088BBBA154F3926009F9C59 /* Default-Portrait~ipad.png */,
				3088BBBB154F3926009F9C59 /* Default@2x~iphone.png */,
				3088BBBC154F3926009F9C59 /* Default~iphone.png */,
			);
			path = splash;
			sourceTree = "<group>";
		};
		EB87FDF11871DA420020F90C /* Staging */ = {
			isa = PBXGroup;
			children = (
				F840E1F0165FE0F500CFE078 /* config.xml */,
				301BF56E109A69640062928A /* www */,
			);
			name = Staging;
			sourceTree = "<group>";
		};
/* End PBXGroup section */

/* Begin PBXNativeTarget section */
		1D6058900D05DD3D006BFB54 /* Rate It */ = {
			isa = PBXNativeTarget;
			buildConfigurationList = 1D6058960D05DD3E006BFB54 /* Build configuration list for PBXNativeTarget "Rate It" */;
			buildPhases = (
				304B58A110DAC018002A0835 /* Copy www directory */,
				1D60588D0D05DD3D006BFB54 /* Resources */,
				1D60588E0D05DD3D006BFB54 /* Sources */,
				1D60588F0D05DD3D006BFB54 /* Frameworks */,
			);
			buildRules = (
			);
			dependencies = (
				301BF551109A68C00062928A /* PBXTargetDependency */,
			);
			name = "Rate It";
			productName = "Rate It";
			productReference = 1D6058910D05DD3D006BFB54 /* Rate It.app */;
			productType = "com.apple.product-type.application";
		};
/* End PBXNativeTarget section */

/* Begin PBXProject section */
		29B97313FDCFA39411CA2CEA /* Project object */ = {
			isa = PBXProject;
			attributes = {
				LastUpgradeCheck = 510;
			};
			buildConfigurationList = C01FCF4E08A954540054247B /* Build configuration list for PBXProject "__CLI__" */;
			compatibilityVersion = "Xcode 3.2";
			developmentRegion = English;
			hasScannedForEncodings = 1;
			knownRegions = (
				English,
				Japanese,
				French,
				German,
				en,
				es,
				de,
				se,
			);
			mainGroup = 29B97314FDCFA39411CA2CEA /* CustomTemplate */;
			projectDirPath = "";
			projectReferences = (
				{
					ProductGroup = 301BF52E109A57CC0062928A /* Products */;
					ProjectRef = 301BF52D109A57CC0062928A /* CordovaLib.xcodeproj */;
				},
			);
			projectRoot = "";
			targets = (
				1D6058900D05DD3D006BFB54 /* Rate It */,
			);
		};
/* End PBXProject section */

/* Begin PBXReferenceProxy section */
		301BF535109A57CC0062928A /* libCordova.a */ = {
			isa = PBXReferenceProxy;
			fileType = archive.ar;
			path = libCordova.a;
			remoteRef = 301BF534109A57CC0062928A /* PBXContainerItemProxy */;
			sourceTree = BUILT_PRODUCTS_DIR;
		};
/* End PBXReferenceProxy section */

/* Begin PBXResourcesBuildPhase section */
		1D60588D0D05DD3D006BFB54 /* Resources */ = {
			isa = PBXResourcesBuildPhase;
			buildActionMask = 2147483647;
			files = (
				7E7966E41810823500FA85AD /* icon-76.png in Resources */,
				7E7966DF1810823500FA85AD /* icon-40@2x.png in Resources */,
				308D05371370CCF300D202BF /* icon-72.png in Resources */,
				30B4F30119D5E07200D9F7D8 /* Default-736h.png in Resources */,
				308D05381370CCF300D202BF /* icon.png in Resources */,
				308D05391370CCF300D202BF /* icon@2x.png in Resources */,
				302D95F214D2391D003F00A1 /* MainViewController.xib in Resources */,
				7E7966E01810823500FA85AD /* icon-50.png in Resources */,
				7E7966E31810823500FA85AD /* icon-60@2x.png in Resources */,
				7E7966E61810823500FA85AD /* icon-small.png in Resources */,
				3088BBBD154F3926009F9C59 /* Default-Landscape@2x~ipad.png in Resources */,
				3088BBBE154F3926009F9C59 /* Default-Landscape~ipad.png in Resources */,
				3088BBBF154F3926009F9C59 /* Default-Portrait@2x~ipad.png in Resources */,
				7E7966E71810823500FA85AD /* icon-small@2x.png in Resources */,
				3088BBC0154F3926009F9C59 /* Default-Portrait~ipad.png in Resources */,
				30B4F30019D5E07200D9F7D8 /* Default-667h.png in Resources */,
				7E7966DE1810823500FA85AD /* icon-40.png in Resources */,
				3088BBC1154F3926009F9C59 /* Default@2x~iphone.png in Resources */,
				7E7966E21810823500FA85AD /* icon-60.png in Resources */,
				3088BBC2154F3926009F9C59 /* Default~iphone.png in Resources */,
				D4A0D8761607E02300AEF8BB /* Default-568h@2x~iphone.png in Resources */,
				30B4F30219D5E07200D9F7D8 /* Default-Landscape-736h.png in Resources */,
				30C1856619D5FC0A00212699 /* icon-60@3x.png in Resources */,
				7E7966E11810823500FA85AD /* icon-50@2x.png in Resources */,
				7E7966E51810823500FA85AD /* icon-76@2x.png in Resources */,
				30FC414916E50CA1004E6F35 /* icon-72@2x.png in Resources */,
				58714ED4A16F479989B91190 /* CDVCapture.bundle in Resources */,
				1282ABBE5AEA414687688A47 /* CDVNotification.bundle in Resources */,
				AE50E976996D4AE29D41AB8D /* scannerOverlay.xib in Resources */,
			);
			runOnlyForDeploymentPostprocessing = 0;
		};
/* End PBXResourcesBuildPhase section */

/* Begin PBXShellScriptBuildPhase section */
		304B58A110DAC018002A0835 /* Copy www directory */ = {
			isa = PBXShellScriptBuildPhase;
			buildActionMask = 2147483647;
			files = (
			);
			inputPaths = (
			);
			name = "Copy www directory";
			outputPaths = (
			);
			runOnlyForDeploymentPostprocessing = 0;
			shellPath = /bin/sh;
			shellScript = "cordova/lib/copy-www-build-step.sh";
			showEnvVarsInLog = 0;
		};
/* End PBXShellScriptBuildPhase section */

/* Begin PBXSourcesBuildPhase section */
		1D60588E0D05DD3D006BFB54 /* Sources */ = {
			isa = PBXSourcesBuildPhase;
			buildActionMask = 2147483647;
			files = (
				1D60589B0D05DD56006BFB54 /* main.m in Sources */,
				1D3623260D0F684500981E51 /* AppDelegate.m in Sources */,
				302D95F114D2391D003F00A1 /* MainViewController.m in Sources */,
				1C713E7E57CF45938E415E9C /* CDVVibration.m in Sources */,
				0EC100E86B1D4A59946B3820 /* CDVSplashScreen.m in Sources */,
				146D3C2E59794F58ACFEDFAF /* CDVConnection.m in Sources */,
				316B0DC340234CEB9109762B /* CDVReachability.m in Sources */,
				23895501B9144EAC9D5CA012 /* CDVFile.m in Sources */,
				107FF78B746C48C8A649511C /* CDVLocalFilesystem.m in Sources */,
				0AA6520CCAA344B0BF8ACB40 /* CDVAssetLibraryFilesystem.m in Sources */,
				399352C4A5F84FD1B946221B /* CDVCapture.m in Sources */,
				BAB35C6DA4A948649B182A01 /* CDVNotification.m in Sources */,
				0BF0F224E99A4C588B6B2D4A /* CDVDevice.m in Sources */,
				1377D99D5FE74EB3B2B297EA /* CDVCamera.m in Sources */,
				A2F9ACE46DD24CE6A771AF3C /* CDVJpegHeaderWriter.m in Sources */,
				BEA406D307824CB8BE80EE8C /* CDVBarcodeScanner.mm in Resources */,
				3915FAC7CBDA445F88E63F70 /* zxing-all-in-one.cpp in Resources */,
				A1B61A1C8CA6485C9B4F6890 /* CDVInAppBrowser.m in Sources */,
			);
			runOnlyForDeploymentPostprocessing = 0;
		};
/* End PBXSourcesBuildPhase section */

/* Begin PBXTargetDependency section */
		301BF551109A68C00062928A /* PBXTargetDependency */ = {
			isa = PBXTargetDependency;
			name = CordovaLib;
			targetProxy = 301BF550109A68C00062928A /* PBXContainerItemProxy */;
		};
/* End PBXTargetDependency section */

/* Begin XCBuildConfiguration section */
		1D6058940D05DD3E006BFB54 /* Debug */ = {
			isa = XCBuildConfiguration;
			buildSettings = {
				ALWAYS_SEARCH_USER_PATHS = NO;
				CLANG_ENABLE_OBJC_ARC = YES;
				COPY_PHASE_STRIP = NO;
				GCC_DYNAMIC_NO_PIC = NO;
				GCC_OPTIMIZATION_LEVEL = 0;
				GCC_PRECOMPILE_PREFIX_HEADER = YES;
				GCC_PREFIX_HEADER = "Rate It/Rate It-Prefix.pch";
				GCC_THUMB_SUPPORT = NO;
				GCC_VERSION = "";
				INFOPLIST_FILE = "Rate It/Rate It-Info.plist";
				IPHONEOS_DEPLOYMENT_TARGET = 6.0;
				OTHER_LDFLAGS = (
					"-weak_framework",
					CoreFoundation,
					"-weak_framework",
					UIKit,
					"-weak_framework",
					AVFoundation,
					"-weak_framework",
					CoreMedia,
					"-weak-lSystem",
					"-ObjC",
				);
				PRODUCT_NAME = "Rate It";
				TARGETED_DEVICE_FAMILY = "1,2";
			};
			name = Debug;
		};
		1D6058950D05DD3E006BFB54 /* Release */ = {
			isa = XCBuildConfiguration;
			buildSettings = {
				ALWAYS_SEARCH_USER_PATHS = NO;
				CLANG_ENABLE_OBJC_ARC = YES;
				COPY_PHASE_STRIP = YES;
				GCC_PRECOMPILE_PREFIX_HEADER = YES;
				GCC_PREFIX_HEADER = "Rate It/Rate It-Prefix.pch";
				GCC_THUMB_SUPPORT = NO;
				GCC_VERSION = "";
				INFOPLIST_FILE = "Rate It/Rate It-Info.plist";
				IPHONEOS_DEPLOYMENT_TARGET = 6.0;
				OTHER_LDFLAGS = (
					"-weak_framework",
					CoreFoundation,
					"-weak_framework",
					UIKit,
					"-weak_framework",
					AVFoundation,
					"-weak_framework",
					CoreMedia,
					"-weak-lSystem",
					"-ObjC",
				);
				PRODUCT_NAME = "Rate It";
				TARGETED_DEVICE_FAMILY = "1,2";
			};
			name = Release;
		};
		C01FCF4F08A954540054247B /* Debug */ = {
			isa = XCBuildConfiguration;
			buildSettings = {
				CLANG_ENABLE_OBJC_ARC = YES;
				CLANG_WARN_BOOL_CONVERSION = YES;
				CLANG_WARN_CONSTANT_CONVERSION = YES;
				CLANG_WARN_EMPTY_BODY = YES;
				CLANG_WARN_ENUM_CONVERSION = YES;
				CLANG_WARN_INT_CONVERSION = YES;
				CLANG_WARN__DUPLICATE_METHOD_MATCH = YES;
				"CODE_SIGN_IDENTITY[sdk=iphoneos*]" = "iPhone Developer";
				GCC_C_LANGUAGE_STANDARD = c99;
				GCC_THUMB_SUPPORT = NO;
				GCC_VERSION = "";
				GCC_WARN_ABOUT_RETURN_TYPE = YES;
				GCC_WARN_UNDECLARED_SELECTOR = YES;
				GCC_WARN_UNINITIALIZED_AUTOS = YES;
				GCC_WARN_UNUSED_FUNCTION = YES;
				GCC_WARN_UNUSED_VARIABLE = YES;
				HEADER_SEARCH_PATHS = (
					"\"$(TARGET_BUILD_DIR)/usr/local/lib/include\"",
					"\"$(OBJROOT)/UninstalledProducts/include\"",
					"\"$(BUILT_PRODUCTS_DIR)\"",
				);
				IPHONEOS_DEPLOYMENT_TARGET = 6.0;
				ONLY_ACTIVE_ARCH = YES;
				OTHER_LDFLAGS = (
					"-weak_framework",
					CoreFoundation,
					"-weak_framework",
					UIKit,
					"-weak_framework",
					AVFoundation,
					"-weak_framework",
					CoreMedia,
					"-weak-lSystem",
					"-ObjC",
				);
				SDKROOT = iphoneos;
				SKIP_INSTALL = NO;
				USER_HEADER_SEARCH_PATHS = "";
			};
			name = Debug;
		};
		C01FCF5008A954540054247B /* Release */ = {
			isa = XCBuildConfiguration;
			buildSettings = {
				CLANG_ENABLE_OBJC_ARC = YES;
				CLANG_WARN_BOOL_CONVERSION = YES;
				CLANG_WARN_CONSTANT_CONVERSION = YES;
				CLANG_WARN_EMPTY_BODY = YES;
				CLANG_WARN_ENUM_CONVERSION = YES;
				CLANG_WARN_INT_CONVERSION = YES;
				CLANG_WARN__DUPLICATE_METHOD_MATCH = YES;
				"CODE_SIGN_IDENTITY[sdk=iphoneos*]" = "iPhone Developer";
				GCC_C_LANGUAGE_STANDARD = c99;
				GCC_THUMB_SUPPORT = NO;
				GCC_VERSION = "";
				GCC_WARN_ABOUT_RETURN_TYPE = YES;
				GCC_WARN_UNDECLARED_SELECTOR = YES;
				GCC_WARN_UNINITIALIZED_AUTOS = YES;
				GCC_WARN_UNUSED_FUNCTION = YES;
				GCC_WARN_UNUSED_VARIABLE = YES;
				HEADER_SEARCH_PATHS = (
					"\"$(TARGET_BUILD_DIR)/usr/local/lib/include\"",
					"\"$(OBJROOT)/UninstalledProducts/include\"",
					"\"$(BUILT_PRODUCTS_DIR)\"",
				);
				IPHONEOS_DEPLOYMENT_TARGET = 6.0;
				OTHER_LDFLAGS = (
					"-weak_framework",
					CoreFoundation,
					"-weak_framework",
					UIKit,
					"-weak_framework",
					AVFoundation,
					"-weak_framework",
					CoreMedia,
					"-weak-lSystem",
					"-ObjC",
				);
				SDKROOT = iphoneos;
				SKIP_INSTALL = NO;
				USER_HEADER_SEARCH_PATHS = "";
			};
			name = Release;
		};
/* End XCBuildConfiguration section */

/* Begin XCConfigurationList section */
		1D6058960D05DD3E006BFB54 /* Build configuration list for PBXNativeTarget "Rate It" */ = {
			isa = XCConfigurationList;
			buildConfigurations = (
				1D6058940D05DD3E006BFB54 /* Debug */,
				1D6058950D05DD3E006BFB54 /* Release */,
			);
			defaultConfigurationIsVisible = 0;
			defaultConfigurationName = Release;
		};
		C01FCF4E08A954540054247B /* Build configuration list for PBXProject "__CLI__" */ = {
			isa = XCConfigurationList;
			buildConfigurations = (
				C01FCF4F08A954540054247B /* Debug */,
				C01FCF5008A954540054247B /* Release */,
			);
			defaultConfigurationIsVisible = 0;
			defaultConfigurationName = Release;
		};
/* End XCConfigurationList section */
	};
	rootObject = 29B97313FDCFA39411CA2CEA /* Project object */;
}
